
Microsoft Visual Studio Solution File, Format Version 12.00
# Visual Studio Version 17
VisualStudioVersion = 17.11.35222.181
MinimumVisualStudioVersion = 10.0.40219.1
Project("{FAE04EC0-301F-11D3-BF4B-00C04F79EFBC}") = "Events.WebApi", "Events.WebApi\Events.WebApi.csproj", "{8FB34F22-49D2-4A8D-AA16-062BFC539FBA}"
EndProject
Project("{FAE04EC0-301F-11D3-BF4B-00C04F79EFBC}") = "Events.Infrastructure", "Events.Infrastructure\Events.Infrastructure.csproj", "{2B4A9A40-2521-4914-BC36-59852EFC0B20}"
EndProject
Project("{FAE04EC0-301F-11D3-BF4B-00C04F79EFBC}") = "Events.Domain", "Events.Domain\Events.Domain.csproj", "{ADAE9F60-A967-4BA2-8B9D-EDCF0CACCAD1}"
EndProject
Project("{FAE04EC0-301F-11D3-BF4B-00C04F79EFBC}") = "Events.Application", "Events.Application\Events.Application.csproj", "{5D7B9378-4143-467D-8DBB-C0CFCCD45F83}"
EndProject
Global
	GlobalSection(SolutionConfigurationPlatforms) = preSolution
		Debug|Any CPU = Debug|Any CPU
		Release|Any CPU = Release|Any CPU
	EndGlobalSection
	GlobalSection(ProjectConfigurationPlatforms) = postSolution
		{8FB34F22-49D2-4A8D-AA16-062BFC539FBA}.Debug|Any CPU.ActiveCfg = Debug|Any CPU
		{8FB34F22-49D2-4A8D-AA16-062BFC539FBA}.Debug|Any CPU.Build.0 = Debug|Any CPU
		{8FB34F22-49D2-4A8D-AA16-062BFC539FBA}.Release|Any CPU.ActiveCfg = Release|Any CPU
		{8FB34F22-49D2-4A8D-AA16-062BFC539FBA}.Release|Any CPU.Build.0 = Release|Any CPU
		{2B4A9A40-2521-4914-BC36-59852EFC0B20}.Debug|Any CPU.ActiveCfg = Debug|Any CPU
		{2B4A9A40-2521-4914-BC36-59852EFC0B20}.Debug|Any CPU.Build.0 = Debug|Any CPU
		{2B4A9A40-2521-4914-BC36-59852EFC0B20}.Release|Any CPU.ActiveCfg = Release|Any CPU
		{2B4A9A40-2521-4914-BC36-59852EFC0B20}.Release|Any CPU.Build.0 = Release|Any CPU
		{ADAE9F60-A967-4BA2-8B9D-EDCF0CACCAD1}.Debug|Any CPU.ActiveCfg = Debug|Any CPU
		{ADAE9F60-A967-4BA2-8B9D-EDCF0CACCAD1}.Debug|Any CPU.Build.0 = Debug|Any CPU
		{ADAE9F60-A967-4BA2-8B9D-EDCF0CACCAD1}.Release|Any CPU.ActiveCfg = Release|Any CPU
		{ADAE9F60-A967-4BA2-8B9D-EDCF0CACCAD1}.Release|Any CPU.Build.0 = Release|Any CPU
		{5D7B9378-4143-467D-8DBB-C0CFCCD45F83}.Debug|Any CPU.ActiveCfg = Debug|Any CPU
		{5D7B9378-4143-467D-8DBB-C0CFCCD45F83}.Debug|Any CPU.Build.0 = Debug|Any CPU
		{5D7B9378-4143-467D-8DBB-C0CFCCD45F83}.Release|Any CPU.ActiveCfg = Release|Any CPU
		{5D7B9378-4143-467D-8DBB-C0CFCCD45F83}.Release|Any CPU.Build.0 = Release|Any CPU
	EndGlobalSection
	GlobalSection(SolutionProperties) = preSolution
		HideSolutionNode = FALSE
	EndGlobalSection
	GlobalSection(ExtensibilityGlobals) = postSolution
		SolutionGuid = {D3F69A6F-59E5-4970-B19E-441734888D54}
	EndGlobalSection
EndGlobal
